{
  "name": "@yurkimus/server-request",
  "version": "0.0.1",
  "lockfileVersion": 3,
  "requires": true,
  "packages": {
    "": {
      "name": "@yurkimus/server-request",
      "version": "0.0.1",
      "dependencies": {
        "@yurkimus/errors": "^0.0.6"
      }
    },
    "node_modules/@yurkimus/errors": {
      "version": "0.0.6",
      "resolved": "https://registry.npmjs.org/@yurkimus/errors/-/errors-0.0.6.tgz",
      "integrity": "sha512-J242aOle5bizwJJc6hAlpfyAhccHtdE7Y/wN2stt/03iujfXp0k4INy/Xdhu6cEGPk6c4BArYywtQGG75+9a+g=="
    }
  }
}
